
Microsoft Visual Studio Solution File, Format Version 12.00
# Visual Studio Version 17
VisualStudioVersion = 17.7.34031.279
MinimumVisualStudioVersion = 10.0.40219.1
Project("{FAE04EC0-301F-11D3-BF4B-00C04F79EFBC}") = "LL1 parsing v2", "LL1 parsing v2.csproj", "{8113018C-A3ED-4AC7-BDF2-9675672355FF}"
EndProject
Global
	GlobalSection(SolutionConfigurationPlatforms) = preSolution
		Debug|Any CPU = Debug|Any CPU
		Release|Any CPU = Release|Any CPU
	EndGlobalSection
	GlobalSection(ProjectConfigurationPlatforms) = postSolution
		{8113018C-A3ED-4AC7-BDF2-9675672355FF}.Debug|Any CPU.ActiveCfg = Debug|Any CPU
		{8113018C-A3ED-4AC7-BDF2-9675672355FF}.Debug|Any CPU.Build.0 = Debug|Any CPU
		{8113018C-A3ED-4AC7-BDF2-9675672355FF}.Release|Any CPU.ActiveCfg = Release|Any CPU
		{8113018C-A3ED-4AC7-BDF2-9675672355FF}.Release|Any CPU.Build.0 = Release|Any CPU
	EndGlobalSection
	GlobalSection(SolutionProperties) = preSolution
		HideSolutionNode = FALSE
	EndGlobalSection
	GlobalSection(ExtensibilityGlobals) = postSolution
		SolutionGuid = {3B6C0445-ADC9-4D28-8FA3-2A5A80D8B1C0}
	EndGlobalSection
EndGlobal
